
Microsoft Visual Studio Solution File, Format Version 12.00
Project("{FAE04EC0-301F-11D3-BF4B-00C04F79EFBC}") = "ConsoleProgramming", "ConsoleProgramming\ConsoleProgramming.csproj", "{3FD5D201-4A62-4FD8-9625-518528DDAE3A}"
EndProject
Project("{FAE04EC0-301F-11D3-BF4B-00C04F79EFBC}") = "HackerRankDay0", "HackerRankDay0\HackerRankDay0.csproj", "{18C38C51-6F37-4A48-87AC-ADAF1DE07402}"
EndProject
Project("{FAE04EC0-301F-11D3-BF4B-00C04F79EFBC}") = "Variables", "Variables\Variables.csproj", "{6B3EC792-36F3-4CD1-977B-A17E2BEA0147}"
EndProject
Project("{FAE04EC0-301F-11D3-BF4B-00C04F79EFBC}") = "Operators", "Operators\Operators.csproj", "{81A66655-3A47-4EAB-AEFB-BBE3053AA0E0}"
EndProject
Project("{FAE04EC0-301F-11D3-BF4B-00C04F79EFBC}") = "HackerRankDay2", "HackerRankDay2\HackerRankDay2.csproj", "{61C8DC07-EF85-4078-9C04-DE18C81320A8}"
EndProject
Project("{FAE04EC0-301F-11D3-BF4B-00C04F79EFBC}") = "TypeConversion", "TypeConversion\TypeConversion.csproj", "{29912623-CC50-49FA-A7C7-06B9C736CB59}"
EndProject
Project("{FAE04EC0-301F-11D3-BF4B-00C04F79EFBC}") = "AlgorithmsSolveMeFirst", "AlgorithmsSolveMeFirst\AlgorithmsSolveMeFirst.csproj", "{B5500FC6-5872-4ED6-851B-A2FABA74EC05}"
EndProject
Project("{FAE04EC0-301F-11D3-BF4B-00C04F79EFBC}") = "ExceptionHandling", "ExceptionHandling\ExceptionHandling.csproj", "{A446EEAE-1DEA-4AF6-882B-BFEEB1F52A1C}"
EndProject
Project("{FAE04EC0-301F-11D3-BF4B-00C04F79EFBC}") = "IfElseIfTernaryIf", "IfElseIfTernaryIf\IfElseIfTernaryIf.csproj", "{D8BFA7B1-0E21-4F1D-9271-0E75F1309D61}"
EndProject
Global
	GlobalSection(SolutionConfigurationPlatforms) = preSolution
		Debug|Any CPU = Debug|Any CPU
		Release|Any CPU = Release|Any CPU
	EndGlobalSection
	GlobalSection(ProjectConfigurationPlatforms) = postSolution
		{3FD5D201-4A62-4FD8-9625-518528DDAE3A}.Debug|Any CPU.ActiveCfg = Debug|Any CPU
		{3FD5D201-4A62-4FD8-9625-518528DDAE3A}.Debug|Any CPU.Build.0 = Debug|Any CPU
		{3FD5D201-4A62-4FD8-9625-518528DDAE3A}.Release|Any CPU.ActiveCfg = Release|Any CPU
		{3FD5D201-4A62-4FD8-9625-518528DDAE3A}.Release|Any CPU.Build.0 = Release|Any CPU
		{18C38C51-6F37-4A48-87AC-ADAF1DE07402}.Debug|Any CPU.ActiveCfg = Debug|Any CPU
		{18C38C51-6F37-4A48-87AC-ADAF1DE07402}.Debug|Any CPU.Build.0 = Debug|Any CPU
		{18C38C51-6F37-4A48-87AC-ADAF1DE07402}.Release|Any CPU.ActiveCfg = Release|Any CPU
		{18C38C51-6F37-4A48-87AC-ADAF1DE07402}.Release|Any CPU.Build.0 = Release|Any CPU
		{6B3EC792-36F3-4CD1-977B-A17E2BEA0147}.Debug|Any CPU.ActiveCfg = Debug|Any CPU
		{6B3EC792-36F3-4CD1-977B-A17E2BEA0147}.Debug|Any CPU.Build.0 = Debug|Any CPU
		{6B3EC792-36F3-4CD1-977B-A17E2BEA0147}.Release|Any CPU.ActiveCfg = Release|Any CPU
		{6B3EC792-36F3-4CD1-977B-A17E2BEA0147}.Release|Any CPU.Build.0 = Release|Any CPU
		{81A66655-3A47-4EAB-AEFB-BBE3053AA0E0}.Debug|Any CPU.ActiveCfg = Debug|Any CPU
		{81A66655-3A47-4EAB-AEFB-BBE3053AA0E0}.Debug|Any CPU.Build.0 = Debug|Any CPU
		{81A66655-3A47-4EAB-AEFB-BBE3053AA0E0}.Release|Any CPU.ActiveCfg = Release|Any CPU
		{81A66655-3A47-4EAB-AEFB-BBE3053AA0E0}.Release|Any CPU.Build.0 = Release|Any CPU
		{61C8DC07-EF85-4078-9C04-DE18C81320A8}.Debug|Any CPU.ActiveCfg = Debug|Any CPU
		{61C8DC07-EF85-4078-9C04-DE18C81320A8}.Debug|Any CPU.Build.0 = Debug|Any CPU
		{61C8DC07-EF85-4078-9C04-DE18C81320A8}.Release|Any CPU.ActiveCfg = Release|Any CPU
		{61C8DC07-EF85-4078-9C04-DE18C81320A8}.Release|Any CPU.Build.0 = Release|Any CPU
		{29912623-CC50-49FA-A7C7-06B9C736CB59}.Debug|Any CPU.ActiveCfg = Debug|Any CPU
		{29912623-CC50-49FA-A7C7-06B9C736CB59}.Debug|Any CPU.Build.0 = Debug|Any CPU
		{29912623-CC50-49FA-A7C7-06B9C736CB59}.Release|Any CPU.ActiveCfg = Release|Any CPU
		{29912623-CC50-49FA-A7C7-06B9C736CB59}.Release|Any CPU.Build.0 = Release|Any CPU
		{B5500FC6-5872-4ED6-851B-A2FABA74EC05}.Debug|Any CPU.ActiveCfg = Debug|Any CPU
		{B5500FC6-5872-4ED6-851B-A2FABA74EC05}.Debug|Any CPU.Build.0 = Debug|Any CPU
		{B5500FC6-5872-4ED6-851B-A2FABA74EC05}.Release|Any CPU.ActiveCfg = Release|Any CPU
		{B5500FC6-5872-4ED6-851B-A2FABA74EC05}.Release|Any CPU.Build.0 = Release|Any CPU
		{A446EEAE-1DEA-4AF6-882B-BFEEB1F52A1C}.Debug|Any CPU.ActiveCfg = Debug|Any CPU
		{A446EEAE-1DEA-4AF6-882B-BFEEB1F52A1C}.Debug|Any CPU.Build.0 = Debug|Any CPU
		{A446EEAE-1DEA-4AF6-882B-BFEEB1F52A1C}.Release|Any CPU.ActiveCfg = Release|Any CPU
		{A446EEAE-1DEA-4AF6-882B-BFEEB1F52A1C}.Release|Any CPU.Build.0 = Release|Any CPU
		{D8BFA7B1-0E21-4F1D-9271-0E75F1309D61}.Debug|Any CPU.ActiveCfg = Debug|Any CPU
		{D8BFA7B1-0E21-4F1D-9271-0E75F1309D61}.Debug|Any CPU.Build.0 = Debug|Any CPU
		{D8BFA7B1-0E21-4F1D-9271-0E75F1309D61}.Release|Any CPU.ActiveCfg = Release|Any CPU
		{D8BFA7B1-0E21-4F1D-9271-0E75F1309D61}.Release|Any CPU.Build.0 = Release|Any CPU
	EndGlobalSection
EndGlobal
