
Microsoft Visual Studio Solution File, Format Version 12.00
Project("{FAE04EC0-301F-11D3-BF4B-00C04F79EFBC}") = "ConsoleProgramming", "ConsoleProgramming\ConsoleProgramming.csproj", "{3FD5D201-4A62-4FD8-9625-518528DDAE3A}"
EndProject
Project("{FAE04EC0-301F-11D3-BF4B-00C04F79EFBC}") = "HackerRankDay0", "HackerRankDay0\HackerRankDay0.csproj", "{18C38C51-6F37-4A48-87AC-ADAF1DE07402}"
EndProject
Project("{FAE04EC0-301F-11D3-BF4B-00C04F79EFBC}") = "Variables", "Variables\Variables.csproj", "{6B3EC792-36F3-4CD1-977B-A17E2BEA0147}"
EndProject
Project("{FAE04EC0-301F-11D3-BF4B-00C04F79EFBC}") = "Operators", "Operators\Operators.csproj", "{81A66655-3A47-4EAB-AEFB-BBE3053AA0E0}"
EndProject
Project("{FAE04EC0-301F-11D3-BF4B-00C04F79EFBC}") = "HackerRankDay2", "HackerRankDay2\HackerRankDay2.csproj", "{61C8DC07-EF85-4078-9C04-DE18C81320A8}"
EndProject
Project("{FAE04EC0-301F-11D3-BF4B-00C04F79EFBC}") = "TypeConversion", "TypeConversion\TypeConversion.csproj", "{29912623-CC50-49FA-A7C7-06B9C736CB59}"
EndProject
Project("{FAE04EC0-301F-11D3-BF4B-00C04F79EFBC}") = "AlgorithmsSolveMeFirst", "AlgorithmsSolveMeFirst\AlgorithmsSolveMeFirst.csproj", "{B5500FC6-5872-4ED6-851B-A2FABA74EC05}"
EndProject
Project("{FAE04EC0-301F-11D3-BF4B-00C04F79EFBC}") = "ExceptionHandling", "ExceptionHandling\ExceptionHandling.csproj", "{A446EEAE-1DEA-4AF6-882B-BFEEB1F52A1C}"
EndProject
Project("{FAE04EC0-301F-11D3-BF4B-00C04F79EFBC}") = "IfElseIfTernaryIf", "IfElseIfTernaryIf\IfElseIfTernaryIf.csproj", "{D8BFA7B1-0E21-4F1D-9271-0E75F1309D61}"
EndProject
Project("{FAE04EC0-301F-11D3-BF4B-00C04F79EFBC}") = "HackerRankDay3", "HackerRankDay3\HackerRankDay3.csproj", "{B813B5C8-63F8-42B5-8F9C-3DF39FDD5592}"
EndProject
Project("{FAE04EC0-301F-11D3-BF4B-00C04F79EFBC}") = "SwitchCase", "SwitchCase\SwitchCase.csproj", "{1CDB35BE-7670-4314-9935-98F93C1B87A7}"
EndProject
Project("{FAE04EC0-301F-11D3-BF4B-00C04F79EFBC}") = "HackerRankDay4", "HackerRankDay4\HackerRankDay4.csproj", "{25571016-6213-4CBC-8127-4D0DF81CFC3C}"
EndProject
Project("{FAE04EC0-301F-11D3-BF4B-00C04F79EFBC}") = "HackerRankDay5", "HackerRankDay5\HackerRankDay5.csproj", "{29C54518-0F0C-4E0D-822F-65D4A813AD15}"
EndProject
Project("{FAE04EC0-301F-11D3-BF4B-00C04F79EFBC}") = "HackerRankDay1", "HackerRankDay1\HackerRankDay1.csproj", "{B35BCA07-31D9-4B46-A5C0-1A35D596BCEC}"
EndProject
Project("{FAE04EC0-301F-11D3-BF4B-00C04F79EFBC}") = "HackerRankDay6", "HackerRankDay6\HackerRankDay6.csproj", "{E3DB7589-93D9-4BBC-9266-B548B65AF8A5}"
EndProject
Project("{FAE04EC0-301F-11D3-BF4B-00C04F79EFBC}") = "HackerRankDay7", "HackerRankDay7\HackerRankDay7.csproj", "{43E2E7D9-3529-4B70-89E7-CE5238E2E1F8}"
EndProject
Project("{FAE04EC0-301F-11D3-BF4B-00C04F79EFBC}") = "HackerRankDay8", "HackerRankDay8\HackerRankDay8.csproj", "{0260497B-5145-43CE-B37B-5FCB9A32489B}"
EndProject
Project("{FAE04EC0-301F-11D3-BF4B-00C04F79EFBC}") = "HackerRankDay9", "HackerRankDay9\HackerRankDay9.csproj", "{DFDE5DE8-EDBC-47E8-A0AB-06151B14E2CD}"
EndProject
Project("{FAE04EC0-301F-11D3-BF4B-00C04F79EFBC}") = "HackerRankDay10", "HackerRankDay10\HackerRankDay10.csproj", "{5F1CE7AB-D825-4841-898C-8087AAF322BE}"
EndProject
Project("{FAE04EC0-301F-11D3-BF4B-00C04F79EFBC}") = "ForLoopBreakContinue", "ForLoopBreakContinue\ForLoopBreakContinue.csproj", "{DD821FE7-F453-4A39-BEF2-1A9D7BA9F8FD}"
EndProject
Project("{FAE04EC0-301F-11D3-BF4B-00C04F79EFBC}") = "AlgorithmsStaircase", "AlgorithmsStaircase\AlgorithmsStaircase.csproj", "{5381D248-8E65-4074-BDA1-BC345B2CE531}"
EndProject
Project("{FAE04EC0-301F-11D3-BF4B-00C04F79EFBC}") = "AlgorithmsMiniMaxSum", "AlgorithmsMiniMaxSum\AlgorithmsMiniMaxSum.csproj", "{D2B7CDBD-5EE0-40B4-B9AB-76B5446F19B4}"
EndProject
Project("{FAE04EC0-301F-11D3-BF4B-00C04F79EFBC}") = "AlgorithmsTimeConversion", "AlgorithmsTimeConversion\AlgorithmsTimeConversion.csproj", "{4012AE63-F33F-4488-ABF6-AEF34FA99A7A}"
EndProject
Project("{FAE04EC0-301F-11D3-BF4B-00C04F79EFBC}") = "WhileForeach", "WhileForeach\WhileForeach.csproj", "{7744050F-1C1E-4F68-8261-85395E4ED025}"
EndProject
Project("{FAE04EC0-301F-11D3-BF4B-00C04F79EFBC}") = "AlgorithmsPlusMinus", "AlgorithmsPlusMinus\AlgorithmsPlusMinus.csproj", "{4AF8EECA-499F-4774-A99A-6A805608C715}"
EndProject
Project("{FAE04EC0-301F-11D3-BF4B-00C04F79EFBC}") = "DefinitionAccessAndUsageForArrays", "DefinitionAccessAndUsageForArrays\DefinitionAccessAndUsageForArrays.csproj", "{182DAC75-F6A2-4742-AA09-65E473A7ECBC}"
EndProject
Project("{FAE04EC0-301F-11D3-BF4B-00C04F79EFBC}") = "AlgorithmsSimpleArraySum", "AlgorithmsSimpleArraySum\AlgorithmsSimpleArraySum.csproj", "{D9B0C723-5328-48F7-B301-B0FC9ECF9F6D}"
EndProject
Project("{FAE04EC0-301F-11D3-BF4B-00C04F79EFBC}") = "MethodsOfArray", "MethodsOfArray\MethodsOfArray.csproj", "{7039C0B3-8D42-457B-9EAF-D7BF37CF24E0}"
EndProject
Project("{2150E333-8FDC-42A3-9474-1A3956D46DE8}") = "30DaysOfCode", "30DaysOfCode", "{000D10DF-B56F-4B10-85B1-950D8DE7292A}"
EndProject
Project("{2150E333-8FDC-42A3-9474-1A3956D46DE8}") = "HackerRankAlgorithms", "HackerRankAlgorithms", "{D2E86249-0736-4D4B-8882-8FF780C0E8A3}"
EndProject
Project("{2150E333-8FDC-42A3-9474-1A3956D46DE8}") = "Warmup", "Warmup", "{1FC293F1-CF8F-4A04-9651-FDD4752B5177}"
EndProject
Project("{2150E333-8FDC-42A3-9474-1A3956D46DE8}") = "PatikaLessons", "PatikaLessons", "{0EBCC40F-BD1D-4D48-8C10-85B367E2D446}"
EndProject
Project("{FAE04EC0-301F-11D3-BF4B-00C04F79EFBC}") = "AlgorithmsBirthdayCakeCandles", "AlgorithmsBirthdayCakeCandles\AlgorithmsBirthdayCakeCandles.csproj", "{377C9361-29A8-4FF8-8444-C7CA449C9336}"
EndProject
Project("{FAE04EC0-301F-11D3-BF4B-00C04F79EFBC}") = "AlgorithmsCompareTheTriplets", "AlgorithmsCompareTheTriplets\AlgorithmsCompareTheTriplets.csproj", "{CAD47E12-92CD-43E3-B588-011B3FC5BD24}"
EndProject
Project("{FAE04EC0-301F-11D3-BF4B-00C04F79EFBC}") = "HackerRankDay20", "HackerRankDay20\HackerRankDay20.csproj", "{6CCDF28F-64B8-43AB-92E8-00BC09BBB5C5}"
EndProject
Project("{FAE04EC0-301F-11D3-BF4B-00C04F79EFBC}") = "AlgorithmsAVeryBigSum", "AlgorithmsAVeryBigSum\AlgorithmsAVeryBigSum.csproj", "{BD0F9A3C-F42C-4888-9258-398148EED8A4}"
EndProject
Project("{2150E333-8FDC-42A3-9474-1A3956D46DE8}") = "Implementation", "Implementation", "{731608CB-5A61-4386-AE32-B8249B8A251B}"
EndProject
Project("{FAE04EC0-301F-11D3-BF4B-00C04F79EFBC}") = "AlgorithmsMigratoryBirds", "AlgorithmsMigratoryBirds\AlgorithmsMigratoryBirds.csproj", "{6FE3CE7A-3DC9-43AF-AFD8-EEF60CAF76C3}"
EndProject
Project("{FAE04EC0-301F-11D3-BF4B-00C04F79EFBC}") = "Methods", "Methods\Methods.csproj", "{9BDC4E3B-F58C-4611-A354-E162F7B95559}"
EndProject
Project("{FAE04EC0-301F-11D3-BF4B-00C04F79EFBC}") = "MethodOverloading", "MethodOverloading\MethodOverloading.csproj", "{8B534B34-A512-45E6-96C1-ADEB7CCAF704}"
EndProject
Project("{FAE04EC0-301F-11D3-BF4B-00C04F79EFBC}") = "RecursiveMethods", "RecursiveMethods\RecursiveMethods.csproj", "{8EDFF29A-D9AE-42AB-93BF-E3DE1958E3D0}"
EndProject
Project("{FAE04EC0-301F-11D3-BF4B-00C04F79EFBC}") = "AlgorithmProblems1", "AlgorithmProblems1\AlgorithmProblems1.csproj", "{40BE5BB1-D2AC-4058-8B2D-0601A15DECB9}"
EndProject
Project("{FAE04EC0-301F-11D3-BF4B-00C04F79EFBC}") = "GenericLists", "GenericLists\GenericLists.csproj", "{0E4E9B77-796A-44F1-B727-7B0E5C52CABA}"
EndProject
Project("{FAE04EC0-301F-11D3-BF4B-00C04F79EFBC}") = "HackerRankDay21", "HackerRankDay21\HackerRankDay21.csproj", "{63F0402B-3E51-485C-BA13-D9F329A71034}"
EndProject
Global
	GlobalSection(SolutionConfigurationPlatforms) = preSolution
		Debug|Any CPU = Debug|Any CPU
		Release|Any CPU = Release|Any CPU
	EndGlobalSection
	GlobalSection(ProjectConfigurationPlatforms) = postSolution
		{3FD5D201-4A62-4FD8-9625-518528DDAE3A}.Debug|Any CPU.ActiveCfg = Debug|Any CPU
		{3FD5D201-4A62-4FD8-9625-518528DDAE3A}.Debug|Any CPU.Build.0 = Debug|Any CPU
		{3FD5D201-4A62-4FD8-9625-518528DDAE3A}.Release|Any CPU.ActiveCfg = Release|Any CPU
		{3FD5D201-4A62-4FD8-9625-518528DDAE3A}.Release|Any CPU.Build.0 = Release|Any CPU
		{18C38C51-6F37-4A48-87AC-ADAF1DE07402}.Debug|Any CPU.ActiveCfg = Debug|Any CPU
		{18C38C51-6F37-4A48-87AC-ADAF1DE07402}.Debug|Any CPU.Build.0 = Debug|Any CPU
		{18C38C51-6F37-4A48-87AC-ADAF1DE07402}.Release|Any CPU.ActiveCfg = Release|Any CPU
		{18C38C51-6F37-4A48-87AC-ADAF1DE07402}.Release|Any CPU.Build.0 = Release|Any CPU
		{6B3EC792-36F3-4CD1-977B-A17E2BEA0147}.Debug|Any CPU.ActiveCfg = Debug|Any CPU
		{6B3EC792-36F3-4CD1-977B-A17E2BEA0147}.Debug|Any CPU.Build.0 = Debug|Any CPU
		{6B3EC792-36F3-4CD1-977B-A17E2BEA0147}.Release|Any CPU.ActiveCfg = Release|Any CPU
		{6B3EC792-36F3-4CD1-977B-A17E2BEA0147}.Release|Any CPU.Build.0 = Release|Any CPU
		{81A66655-3A47-4EAB-AEFB-BBE3053AA0E0}.Debug|Any CPU.ActiveCfg = Debug|Any CPU
		{81A66655-3A47-4EAB-AEFB-BBE3053AA0E0}.Debug|Any CPU.Build.0 = Debug|Any CPU
		{81A66655-3A47-4EAB-AEFB-BBE3053AA0E0}.Release|Any CPU.ActiveCfg = Release|Any CPU
		{81A66655-3A47-4EAB-AEFB-BBE3053AA0E0}.Release|Any CPU.Build.0 = Release|Any CPU
		{61C8DC07-EF85-4078-9C04-DE18C81320A8}.Debug|Any CPU.ActiveCfg = Debug|Any CPU
		{61C8DC07-EF85-4078-9C04-DE18C81320A8}.Debug|Any CPU.Build.0 = Debug|Any CPU
		{61C8DC07-EF85-4078-9C04-DE18C81320A8}.Release|Any CPU.ActiveCfg = Release|Any CPU
		{61C8DC07-EF85-4078-9C04-DE18C81320A8}.Release|Any CPU.Build.0 = Release|Any CPU
		{29912623-CC50-49FA-A7C7-06B9C736CB59}.Debug|Any CPU.ActiveCfg = Debug|Any CPU
		{29912623-CC50-49FA-A7C7-06B9C736CB59}.Debug|Any CPU.Build.0 = Debug|Any CPU
		{29912623-CC50-49FA-A7C7-06B9C736CB59}.Release|Any CPU.ActiveCfg = Release|Any CPU
		{29912623-CC50-49FA-A7C7-06B9C736CB59}.Release|Any CPU.Build.0 = Release|Any CPU
		{B5500FC6-5872-4ED6-851B-A2FABA74EC05}.Debug|Any CPU.ActiveCfg = Debug|Any CPU
		{B5500FC6-5872-4ED6-851B-A2FABA74EC05}.Debug|Any CPU.Build.0 = Debug|Any CPU
		{B5500FC6-5872-4ED6-851B-A2FABA74EC05}.Release|Any CPU.ActiveCfg = Release|Any CPU
		{B5500FC6-5872-4ED6-851B-A2FABA74EC05}.Release|Any CPU.Build.0 = Release|Any CPU
		{A446EEAE-1DEA-4AF6-882B-BFEEB1F52A1C}.Debug|Any CPU.ActiveCfg = Debug|Any CPU
		{A446EEAE-1DEA-4AF6-882B-BFEEB1F52A1C}.Debug|Any CPU.Build.0 = Debug|Any CPU
		{A446EEAE-1DEA-4AF6-882B-BFEEB1F52A1C}.Release|Any CPU.ActiveCfg = Release|Any CPU
		{A446EEAE-1DEA-4AF6-882B-BFEEB1F52A1C}.Release|Any CPU.Build.0 = Release|Any CPU
		{D8BFA7B1-0E21-4F1D-9271-0E75F1309D61}.Debug|Any CPU.ActiveCfg = Debug|Any CPU
		{D8BFA7B1-0E21-4F1D-9271-0E75F1309D61}.Debug|Any CPU.Build.0 = Debug|Any CPU
		{D8BFA7B1-0E21-4F1D-9271-0E75F1309D61}.Release|Any CPU.ActiveCfg = Release|Any CPU
		{D8BFA7B1-0E21-4F1D-9271-0E75F1309D61}.Release|Any CPU.Build.0 = Release|Any CPU
		{B813B5C8-63F8-42B5-8F9C-3DF39FDD5592}.Debug|Any CPU.ActiveCfg = Debug|Any CPU
		{B813B5C8-63F8-42B5-8F9C-3DF39FDD5592}.Debug|Any CPU.Build.0 = Debug|Any CPU
		{B813B5C8-63F8-42B5-8F9C-3DF39FDD5592}.Release|Any CPU.ActiveCfg = Release|Any CPU
		{B813B5C8-63F8-42B5-8F9C-3DF39FDD5592}.Release|Any CPU.Build.0 = Release|Any CPU
		{1CDB35BE-7670-4314-9935-98F93C1B87A7}.Debug|Any CPU.ActiveCfg = Debug|Any CPU
		{1CDB35BE-7670-4314-9935-98F93C1B87A7}.Debug|Any CPU.Build.0 = Debug|Any CPU
		{1CDB35BE-7670-4314-9935-98F93C1B87A7}.Release|Any CPU.ActiveCfg = Release|Any CPU
		{1CDB35BE-7670-4314-9935-98F93C1B87A7}.Release|Any CPU.Build.0 = Release|Any CPU
		{25571016-6213-4CBC-8127-4D0DF81CFC3C}.Debug|Any CPU.ActiveCfg = Debug|Any CPU
		{25571016-6213-4CBC-8127-4D0DF81CFC3C}.Debug|Any CPU.Build.0 = Debug|Any CPU
		{25571016-6213-4CBC-8127-4D0DF81CFC3C}.Release|Any CPU.ActiveCfg = Release|Any CPU
		{25571016-6213-4CBC-8127-4D0DF81CFC3C}.Release|Any CPU.Build.0 = Release|Any CPU
		{29C54518-0F0C-4E0D-822F-65D4A813AD15}.Debug|Any CPU.ActiveCfg = Debug|Any CPU
		{29C54518-0F0C-4E0D-822F-65D4A813AD15}.Debug|Any CPU.Build.0 = Debug|Any CPU
		{29C54518-0F0C-4E0D-822F-65D4A813AD15}.Release|Any CPU.ActiveCfg = Release|Any CPU
		{29C54518-0F0C-4E0D-822F-65D4A813AD15}.Release|Any CPU.Build.0 = Release|Any CPU
		{B35BCA07-31D9-4B46-A5C0-1A35D596BCEC}.Debug|Any CPU.ActiveCfg = Debug|Any CPU
		{B35BCA07-31D9-4B46-A5C0-1A35D596BCEC}.Debug|Any CPU.Build.0 = Debug|Any CPU
		{B35BCA07-31D9-4B46-A5C0-1A35D596BCEC}.Release|Any CPU.ActiveCfg = Release|Any CPU
		{B35BCA07-31D9-4B46-A5C0-1A35D596BCEC}.Release|Any CPU.Build.0 = Release|Any CPU
		{E3DB7589-93D9-4BBC-9266-B548B65AF8A5}.Debug|Any CPU.ActiveCfg = Debug|Any CPU
		{E3DB7589-93D9-4BBC-9266-B548B65AF8A5}.Debug|Any CPU.Build.0 = Debug|Any CPU
		{E3DB7589-93D9-4BBC-9266-B548B65AF8A5}.Release|Any CPU.ActiveCfg = Release|Any CPU
		{E3DB7589-93D9-4BBC-9266-B548B65AF8A5}.Release|Any CPU.Build.0 = Release|Any CPU
		{43E2E7D9-3529-4B70-89E7-CE5238E2E1F8}.Debug|Any CPU.ActiveCfg = Debug|Any CPU
		{43E2E7D9-3529-4B70-89E7-CE5238E2E1F8}.Debug|Any CPU.Build.0 = Debug|Any CPU
		{43E2E7D9-3529-4B70-89E7-CE5238E2E1F8}.Release|Any CPU.ActiveCfg = Release|Any CPU
		{43E2E7D9-3529-4B70-89E7-CE5238E2E1F8}.Release|Any CPU.Build.0 = Release|Any CPU
		{0260497B-5145-43CE-B37B-5FCB9A32489B}.Debug|Any CPU.ActiveCfg = Debug|Any CPU
		{0260497B-5145-43CE-B37B-5FCB9A32489B}.Debug|Any CPU.Build.0 = Debug|Any CPU
		{0260497B-5145-43CE-B37B-5FCB9A32489B}.Release|Any CPU.ActiveCfg = Release|Any CPU
		{0260497B-5145-43CE-B37B-5FCB9A32489B}.Release|Any CPU.Build.0 = Release|Any CPU
		{DFDE5DE8-EDBC-47E8-A0AB-06151B14E2CD}.Debug|Any CPU.ActiveCfg = Debug|Any CPU
		{DFDE5DE8-EDBC-47E8-A0AB-06151B14E2CD}.Debug|Any CPU.Build.0 = Debug|Any CPU
		{DFDE5DE8-EDBC-47E8-A0AB-06151B14E2CD}.Release|Any CPU.ActiveCfg = Release|Any CPU
		{DFDE5DE8-EDBC-47E8-A0AB-06151B14E2CD}.Release|Any CPU.Build.0 = Release|Any CPU
		{5F1CE7AB-D825-4841-898C-8087AAF322BE}.Debug|Any CPU.ActiveCfg = Debug|Any CPU
		{5F1CE7AB-D825-4841-898C-8087AAF322BE}.Debug|Any CPU.Build.0 = Debug|Any CPU
		{5F1CE7AB-D825-4841-898C-8087AAF322BE}.Release|Any CPU.ActiveCfg = Release|Any CPU
		{5F1CE7AB-D825-4841-898C-8087AAF322BE}.Release|Any CPU.Build.0 = Release|Any CPU
		{DD821FE7-F453-4A39-BEF2-1A9D7BA9F8FD}.Debug|Any CPU.ActiveCfg = Debug|Any CPU
		{DD821FE7-F453-4A39-BEF2-1A9D7BA9F8FD}.Debug|Any CPU.Build.0 = Debug|Any CPU
		{DD821FE7-F453-4A39-BEF2-1A9D7BA9F8FD}.Release|Any CPU.ActiveCfg = Release|Any CPU
		{DD821FE7-F453-4A39-BEF2-1A9D7BA9F8FD}.Release|Any CPU.Build.0 = Release|Any CPU
		{5381D248-8E65-4074-BDA1-BC345B2CE531}.Debug|Any CPU.ActiveCfg = Debug|Any CPU
		{5381D248-8E65-4074-BDA1-BC345B2CE531}.Debug|Any CPU.Build.0 = Debug|Any CPU
		{5381D248-8E65-4074-BDA1-BC345B2CE531}.Release|Any CPU.ActiveCfg = Release|Any CPU
		{5381D248-8E65-4074-BDA1-BC345B2CE531}.Release|Any CPU.Build.0 = Release|Any CPU
		{D2B7CDBD-5EE0-40B4-B9AB-76B5446F19B4}.Debug|Any CPU.ActiveCfg = Debug|Any CPU
		{D2B7CDBD-5EE0-40B4-B9AB-76B5446F19B4}.Debug|Any CPU.Build.0 = Debug|Any CPU
		{D2B7CDBD-5EE0-40B4-B9AB-76B5446F19B4}.Release|Any CPU.ActiveCfg = Release|Any CPU
		{D2B7CDBD-5EE0-40B4-B9AB-76B5446F19B4}.Release|Any CPU.Build.0 = Release|Any CPU
		{4012AE63-F33F-4488-ABF6-AEF34FA99A7A}.Debug|Any CPU.ActiveCfg = Debug|Any CPU
		{4012AE63-F33F-4488-ABF6-AEF34FA99A7A}.Debug|Any CPU.Build.0 = Debug|Any CPU
		{4012AE63-F33F-4488-ABF6-AEF34FA99A7A}.Release|Any CPU.ActiveCfg = Release|Any CPU
		{4012AE63-F33F-4488-ABF6-AEF34FA99A7A}.Release|Any CPU.Build.0 = Release|Any CPU
		{7744050F-1C1E-4F68-8261-85395E4ED025}.Debug|Any CPU.ActiveCfg = Debug|Any CPU
		{7744050F-1C1E-4F68-8261-85395E4ED025}.Debug|Any CPU.Build.0 = Debug|Any CPU
		{7744050F-1C1E-4F68-8261-85395E4ED025}.Release|Any CPU.ActiveCfg = Release|Any CPU
		{7744050F-1C1E-4F68-8261-85395E4ED025}.Release|Any CPU.Build.0 = Release|Any CPU
		{4AF8EECA-499F-4774-A99A-6A805608C715}.Debug|Any CPU.ActiveCfg = Debug|Any CPU
		{4AF8EECA-499F-4774-A99A-6A805608C715}.Debug|Any CPU.Build.0 = Debug|Any CPU
		{4AF8EECA-499F-4774-A99A-6A805608C715}.Release|Any CPU.ActiveCfg = Release|Any CPU
		{4AF8EECA-499F-4774-A99A-6A805608C715}.Release|Any CPU.Build.0 = Release|Any CPU
		{182DAC75-F6A2-4742-AA09-65E473A7ECBC}.Debug|Any CPU.ActiveCfg = Debug|Any CPU
		{182DAC75-F6A2-4742-AA09-65E473A7ECBC}.Debug|Any CPU.Build.0 = Debug|Any CPU
		{182DAC75-F6A2-4742-AA09-65E473A7ECBC}.Release|Any CPU.ActiveCfg = Release|Any CPU
		{182DAC75-F6A2-4742-AA09-65E473A7ECBC}.Release|Any CPU.Build.0 = Release|Any CPU
		{D9B0C723-5328-48F7-B301-B0FC9ECF9F6D}.Debug|Any CPU.ActiveCfg = Debug|Any CPU
		{D9B0C723-5328-48F7-B301-B0FC9ECF9F6D}.Debug|Any CPU.Build.0 = Debug|Any CPU
		{D9B0C723-5328-48F7-B301-B0FC9ECF9F6D}.Release|Any CPU.ActiveCfg = Release|Any CPU
		{D9B0C723-5328-48F7-B301-B0FC9ECF9F6D}.Release|Any CPU.Build.0 = Release|Any CPU
		{7039C0B3-8D42-457B-9EAF-D7BF37CF24E0}.Debug|Any CPU.ActiveCfg = Debug|Any CPU
		{7039C0B3-8D42-457B-9EAF-D7BF37CF24E0}.Debug|Any CPU.Build.0 = Debug|Any CPU
		{7039C0B3-8D42-457B-9EAF-D7BF37CF24E0}.Release|Any CPU.ActiveCfg = Release|Any CPU
		{7039C0B3-8D42-457B-9EAF-D7BF37CF24E0}.Release|Any CPU.Build.0 = Release|Any CPU
		{377C9361-29A8-4FF8-8444-C7CA449C9336}.Debug|Any CPU.ActiveCfg = Debug|Any CPU
		{377C9361-29A8-4FF8-8444-C7CA449C9336}.Debug|Any CPU.Build.0 = Debug|Any CPU
		{377C9361-29A8-4FF8-8444-C7CA449C9336}.Release|Any CPU.ActiveCfg = Release|Any CPU
		{377C9361-29A8-4FF8-8444-C7CA449C9336}.Release|Any CPU.Build.0 = Release|Any CPU
		{CAD47E12-92CD-43E3-B588-011B3FC5BD24}.Debug|Any CPU.ActiveCfg = Debug|Any CPU
		{CAD47E12-92CD-43E3-B588-011B3FC5BD24}.Debug|Any CPU.Build.0 = Debug|Any CPU
		{CAD47E12-92CD-43E3-B588-011B3FC5BD24}.Release|Any CPU.ActiveCfg = Release|Any CPU
		{CAD47E12-92CD-43E3-B588-011B3FC5BD24}.Release|Any CPU.Build.0 = Release|Any CPU
		{6CCDF28F-64B8-43AB-92E8-00BC09BBB5C5}.Debug|Any CPU.ActiveCfg = Debug|Any CPU
		{6CCDF28F-64B8-43AB-92E8-00BC09BBB5C5}.Debug|Any CPU.Build.0 = Debug|Any CPU
		{6CCDF28F-64B8-43AB-92E8-00BC09BBB5C5}.Release|Any CPU.ActiveCfg = Release|Any CPU
		{6CCDF28F-64B8-43AB-92E8-00BC09BBB5C5}.Release|Any CPU.Build.0 = Release|Any CPU
		{BD0F9A3C-F42C-4888-9258-398148EED8A4}.Debug|Any CPU.ActiveCfg = Debug|Any CPU
		{BD0F9A3C-F42C-4888-9258-398148EED8A4}.Debug|Any CPU.Build.0 = Debug|Any CPU
		{BD0F9A3C-F42C-4888-9258-398148EED8A4}.Release|Any CPU.ActiveCfg = Release|Any CPU
		{BD0F9A3C-F42C-4888-9258-398148EED8A4}.Release|Any CPU.Build.0 = Release|Any CPU
		{6FE3CE7A-3DC9-43AF-AFD8-EEF60CAF76C3}.Debug|Any CPU.ActiveCfg = Debug|Any CPU
		{6FE3CE7A-3DC9-43AF-AFD8-EEF60CAF76C3}.Debug|Any CPU.Build.0 = Debug|Any CPU
		{6FE3CE7A-3DC9-43AF-AFD8-EEF60CAF76C3}.Release|Any CPU.ActiveCfg = Release|Any CPU
		{6FE3CE7A-3DC9-43AF-AFD8-EEF60CAF76C3}.Release|Any CPU.Build.0 = Release|Any CPU
		{9BDC4E3B-F58C-4611-A354-E162F7B95559}.Debug|Any CPU.ActiveCfg = Debug|Any CPU
		{9BDC4E3B-F58C-4611-A354-E162F7B95559}.Debug|Any CPU.Build.0 = Debug|Any CPU
		{9BDC4E3B-F58C-4611-A354-E162F7B95559}.Release|Any CPU.ActiveCfg = Release|Any CPU
		{9BDC4E3B-F58C-4611-A354-E162F7B95559}.Release|Any CPU.Build.0 = Release|Any CPU
		{8B534B34-A512-45E6-96C1-ADEB7CCAF704}.Debug|Any CPU.ActiveCfg = Debug|Any CPU
		{8B534B34-A512-45E6-96C1-ADEB7CCAF704}.Debug|Any CPU.Build.0 = Debug|Any CPU
		{8B534B34-A512-45E6-96C1-ADEB7CCAF704}.Release|Any CPU.ActiveCfg = Release|Any CPU
		{8B534B34-A512-45E6-96C1-ADEB7CCAF704}.Release|Any CPU.Build.0 = Release|Any CPU
		{8EDFF29A-D9AE-42AB-93BF-E3DE1958E3D0}.Debug|Any CPU.ActiveCfg = Debug|Any CPU
		{8EDFF29A-D9AE-42AB-93BF-E3DE1958E3D0}.Debug|Any CPU.Build.0 = Debug|Any CPU
		{8EDFF29A-D9AE-42AB-93BF-E3DE1958E3D0}.Release|Any CPU.ActiveCfg = Release|Any CPU
		{8EDFF29A-D9AE-42AB-93BF-E3DE1958E3D0}.Release|Any CPU.Build.0 = Release|Any CPU
		{40BE5BB1-D2AC-4058-8B2D-0601A15DECB9}.Debug|Any CPU.ActiveCfg = Debug|Any CPU
		{40BE5BB1-D2AC-4058-8B2D-0601A15DECB9}.Debug|Any CPU.Build.0 = Debug|Any CPU
		{40BE5BB1-D2AC-4058-8B2D-0601A15DECB9}.Release|Any CPU.ActiveCfg = Release|Any CPU
		{40BE5BB1-D2AC-4058-8B2D-0601A15DECB9}.Release|Any CPU.Build.0 = Release|Any CPU
		{0E4E9B77-796A-44F1-B727-7B0E5C52CABA}.Debug|Any CPU.ActiveCfg = Debug|Any CPU
		{0E4E9B77-796A-44F1-B727-7B0E5C52CABA}.Debug|Any CPU.Build.0 = Debug|Any CPU
		{0E4E9B77-796A-44F1-B727-7B0E5C52CABA}.Release|Any CPU.ActiveCfg = Release|Any CPU
		{0E4E9B77-796A-44F1-B727-7B0E5C52CABA}.Release|Any CPU.Build.0 = Release|Any CPU
		{63F0402B-3E51-485C-BA13-D9F329A71034}.Debug|Any CPU.ActiveCfg = Debug|Any CPU
		{63F0402B-3E51-485C-BA13-D9F329A71034}.Debug|Any CPU.Build.0 = Debug|Any CPU
		{63F0402B-3E51-485C-BA13-D9F329A71034}.Release|Any CPU.ActiveCfg = Release|Any CPU
		{63F0402B-3E51-485C-BA13-D9F329A71034}.Release|Any CPU.Build.0 = Release|Any CPU
	EndGlobalSection
	GlobalSection(NestedProjects) = preSolution
		{18C38C51-6F37-4A48-87AC-ADAF1DE07402} = {000D10DF-B56F-4B10-85B1-950D8DE7292A}
		{B35BCA07-31D9-4B46-A5C0-1A35D596BCEC} = {000D10DF-B56F-4B10-85B1-950D8DE7292A}
		{5F1CE7AB-D825-4841-898C-8087AAF322BE} = {000D10DF-B56F-4B10-85B1-950D8DE7292A}
		{61C8DC07-EF85-4078-9C04-DE18C81320A8} = {000D10DF-B56F-4B10-85B1-950D8DE7292A}
		{B813B5C8-63F8-42B5-8F9C-3DF39FDD5592} = {000D10DF-B56F-4B10-85B1-950D8DE7292A}
		{25571016-6213-4CBC-8127-4D0DF81CFC3C} = {000D10DF-B56F-4B10-85B1-950D8DE7292A}
		{29C54518-0F0C-4E0D-822F-65D4A813AD15} = {000D10DF-B56F-4B10-85B1-950D8DE7292A}
		{E3DB7589-93D9-4BBC-9266-B548B65AF8A5} = {000D10DF-B56F-4B10-85B1-950D8DE7292A}
		{43E2E7D9-3529-4B70-89E7-CE5238E2E1F8} = {000D10DF-B56F-4B10-85B1-950D8DE7292A}
		{0260497B-5145-43CE-B37B-5FCB9A32489B} = {000D10DF-B56F-4B10-85B1-950D8DE7292A}
		{DFDE5DE8-EDBC-47E8-A0AB-06151B14E2CD} = {000D10DF-B56F-4B10-85B1-950D8DE7292A}
		{1FC293F1-CF8F-4A04-9651-FDD4752B5177} = {D2E86249-0736-4D4B-8882-8FF780C0E8A3}
		{D2B7CDBD-5EE0-40B4-B9AB-76B5446F19B4} = {1FC293F1-CF8F-4A04-9651-FDD4752B5177}
		{4AF8EECA-499F-4774-A99A-6A805608C715} = {1FC293F1-CF8F-4A04-9651-FDD4752B5177}
		{D9B0C723-5328-48F7-B301-B0FC9ECF9F6D} = {1FC293F1-CF8F-4A04-9651-FDD4752B5177}
		{B5500FC6-5872-4ED6-851B-A2FABA74EC05} = {1FC293F1-CF8F-4A04-9651-FDD4752B5177}
		{5381D248-8E65-4074-BDA1-BC345B2CE531} = {1FC293F1-CF8F-4A04-9651-FDD4752B5177}
		{4012AE63-F33F-4488-ABF6-AEF34FA99A7A} = {1FC293F1-CF8F-4A04-9651-FDD4752B5177}
		{3FD5D201-4A62-4FD8-9625-518528DDAE3A} = {0EBCC40F-BD1D-4D48-8C10-85B367E2D446}
		{182DAC75-F6A2-4742-AA09-65E473A7ECBC} = {0EBCC40F-BD1D-4D48-8C10-85B367E2D446}
		{A446EEAE-1DEA-4AF6-882B-BFEEB1F52A1C} = {0EBCC40F-BD1D-4D48-8C10-85B367E2D446}
		{DD821FE7-F453-4A39-BEF2-1A9D7BA9F8FD} = {0EBCC40F-BD1D-4D48-8C10-85B367E2D446}
		{D8BFA7B1-0E21-4F1D-9271-0E75F1309D61} = {0EBCC40F-BD1D-4D48-8C10-85B367E2D446}
		{7039C0B3-8D42-457B-9EAF-D7BF37CF24E0} = {0EBCC40F-BD1D-4D48-8C10-85B367E2D446}
		{81A66655-3A47-4EAB-AEFB-BBE3053AA0E0} = {0EBCC40F-BD1D-4D48-8C10-85B367E2D446}
		{1CDB35BE-7670-4314-9935-98F93C1B87A7} = {0EBCC40F-BD1D-4D48-8C10-85B367E2D446}
		{29912623-CC50-49FA-A7C7-06B9C736CB59} = {0EBCC40F-BD1D-4D48-8C10-85B367E2D446}
		{6B3EC792-36F3-4CD1-977B-A17E2BEA0147} = {0EBCC40F-BD1D-4D48-8C10-85B367E2D446}
		{7744050F-1C1E-4F68-8261-85395E4ED025} = {0EBCC40F-BD1D-4D48-8C10-85B367E2D446}
		{377C9361-29A8-4FF8-8444-C7CA449C9336} = {1FC293F1-CF8F-4A04-9651-FDD4752B5177}
		{CAD47E12-92CD-43E3-B588-011B3FC5BD24} = {1FC293F1-CF8F-4A04-9651-FDD4752B5177}
		{6CCDF28F-64B8-43AB-92E8-00BC09BBB5C5} = {000D10DF-B56F-4B10-85B1-950D8DE7292A}
		{BD0F9A3C-F42C-4888-9258-398148EED8A4} = {1FC293F1-CF8F-4A04-9651-FDD4752B5177}
		{731608CB-5A61-4386-AE32-B8249B8A251B} = {D2E86249-0736-4D4B-8882-8FF780C0E8A3}
		{6FE3CE7A-3DC9-43AF-AFD8-EEF60CAF76C3} = {731608CB-5A61-4386-AE32-B8249B8A251B}
		{9BDC4E3B-F58C-4611-A354-E162F7B95559} = {0EBCC40F-BD1D-4D48-8C10-85B367E2D446}
		{8B534B34-A512-45E6-96C1-ADEB7CCAF704} = {0EBCC40F-BD1D-4D48-8C10-85B367E2D446}
		{8EDFF29A-D9AE-42AB-93BF-E3DE1958E3D0} = {0EBCC40F-BD1D-4D48-8C10-85B367E2D446}
		{40BE5BB1-D2AC-4058-8B2D-0601A15DECB9} = {0EBCC40F-BD1D-4D48-8C10-85B367E2D446}
		{0E4E9B77-796A-44F1-B727-7B0E5C52CABA} = {0EBCC40F-BD1D-4D48-8C10-85B367E2D446}
		{63F0402B-3E51-485C-BA13-D9F329A71034} = {000D10DF-B56F-4B10-85B1-950D8DE7292A}
	EndGlobalSection
EndGlobal
